
Microsoft Visual Studio Solution File, Format Version 12.00
Project("{2150E333-8FDC-42A3-9474-1A3956D46DE8}") = "Application", "Application", "{E3E23633-3A55-491E-B513-B29D1454B91B}"
EndProject
Project("{2150E333-8FDC-42A3-9474-1A3956D46DE8}") = "Tests", "Tests", "{C8C59DA5-3C80-4793-B9B0-AE70B507147E}"
EndProject
Project("{2150E333-8FDC-42A3-9474-1A3956D46DE8}") = "Domain", "Domain", "{5C743665-5D45-47AE-87C6-014DC57C7AD6}"
EndProject
Project("{2150E333-8FDC-42A3-9474-1A3956D46DE8}") = "Infrastruture", "Infrastruture", "{E7F9E491-DE77-47E8-AFC2-E2762E715CB9}"
EndProject
Project("{FAE04EC0-301F-11D3-BF4B-00C04F79EFBC}") = "Application", "src\Application\Application.csproj", "{1F9DF2F1-0D0F-474C-B6B0-3212DB33F958}"
EndProject
Project("{FAE04EC0-301F-11D3-BF4B-00C04F79EFBC}") = "Domain", "src\Domain\Domain.csproj", "{65907B48-7AB8-4732-9F4F-08C2FBE5A29C}"
EndProject
Project("{FAE04EC0-301F-11D3-BF4B-00C04F79EFBC}") = "SharedKernel", "src\SharedKernel\SharedKernel.csproj", "{C16F596A-D4F8-4EAF-BC3F-2182F145BA54}"
EndProject
Project("{FAE04EC0-301F-11D3-BF4B-00C04F79EFBC}") = "Services", "src\Infrastructure\Services\Services.csproj", "{9A7B7868-A9AE-4E14-929E-4AA08E690C4F}"
EndProject
Project("{FAE04EC0-301F-11D3-BF4B-00C04F79EFBC}") = "WebApi", "src\WebApi\WebApi.csproj", "{3F49A2BD-FB28-49B7-9004-2A11B09E6A5F}"
EndProject
Project("{FAE04EC0-301F-11D3-BF4B-00C04F79EFBC}") = "Persistence.EntityFramework", "src\Infrastructure\Persistence.EntityFramework\Persistence.EntityFramework.csproj", "{841A92AC-7FB8-4690-A7EA-7D58A46B7B05}"
EndProject
Project("{FAE04EC0-301F-11D3-BF4B-00C04F79EFBC}") = "Identity", "src\Infrastructure\Identity\Identity.csproj", "{67B5CB77-399B-4FBE-9886-88ABE46BAA8E}"
EndProject
Project("{FAE04EC0-301F-11D3-BF4B-00C04F79EFBC}") = "BookStore.IntegrationTest", "src\tests\BookStore.IntegrationTest\BookStore.IntegrationTest.csproj", "{94FDB6AD-4085-44F2-9F2D-F33155292766}"
EndProject
Project("{FAE04EC0-301F-11D3-BF4B-00C04F79EFBC}") = "BookStore.UnitTest", "src\tests\BookStore.UnitTest\BookStore.UnitTest.csproj", "{A39593C4-7611-4502-ABB9-5B292C9FEDA5}"
EndProject
Global
	GlobalSection(SolutionConfigurationPlatforms) = preSolution
		Debug|Any CPU = Debug|Any CPU
		Release|Any CPU = Release|Any CPU
	EndGlobalSection
	GlobalSection(NestedProjects) = preSolution
		{1F9DF2F1-0D0F-474C-B6B0-3212DB33F958} = {E3E23633-3A55-491E-B513-B29D1454B91B}
		{65907B48-7AB8-4732-9F4F-08C2FBE5A29C} = {5C743665-5D45-47AE-87C6-014DC57C7AD6}
		{9A7B7868-A9AE-4E14-929E-4AA08E690C4F} = {E7F9E491-DE77-47E8-AFC2-E2762E715CB9}
		{841A92AC-7FB8-4690-A7EA-7D58A46B7B05} = {E7F9E491-DE77-47E8-AFC2-E2762E715CB9}
		{67B5CB77-399B-4FBE-9886-88ABE46BAA8E} = {E7F9E491-DE77-47E8-AFC2-E2762E715CB9}
		{94FDB6AD-4085-44F2-9F2D-F33155292766} = {C8C59DA5-3C80-4793-B9B0-AE70B507147E}
		{A39593C4-7611-4502-ABB9-5B292C9FEDA5} = {C8C59DA5-3C80-4793-B9B0-AE70B507147E}
	EndGlobalSection
	GlobalSection(ProjectConfigurationPlatforms) = postSolution
		{1F9DF2F1-0D0F-474C-B6B0-3212DB33F958}.Debug|Any CPU.ActiveCfg = Debug|Any CPU
		{1F9DF2F1-0D0F-474C-B6B0-3212DB33F958}.Debug|Any CPU.Build.0 = Debug|Any CPU
		{1F9DF2F1-0D0F-474C-B6B0-3212DB33F958}.Release|Any CPU.ActiveCfg = Release|Any CPU
		{1F9DF2F1-0D0F-474C-B6B0-3212DB33F958}.Release|Any CPU.Build.0 = Release|Any CPU
		{65907B48-7AB8-4732-9F4F-08C2FBE5A29C}.Debug|Any CPU.ActiveCfg = Debug|Any CPU
		{65907B48-7AB8-4732-9F4F-08C2FBE5A29C}.Debug|Any CPU.Build.0 = Debug|Any CPU
		{65907B48-7AB8-4732-9F4F-08C2FBE5A29C}.Release|Any CPU.ActiveCfg = Release|Any CPU
		{65907B48-7AB8-4732-9F4F-08C2FBE5A29C}.Release|Any CPU.Build.0 = Release|Any CPU
		{C16F596A-D4F8-4EAF-BC3F-2182F145BA54}.Debug|Any CPU.ActiveCfg = Debug|Any CPU
		{C16F596A-D4F8-4EAF-BC3F-2182F145BA54}.Debug|Any CPU.Build.0 = Debug|Any CPU
		{C16F596A-D4F8-4EAF-BC3F-2182F145BA54}.Release|Any CPU.ActiveCfg = Release|Any CPU
		{C16F596A-D4F8-4EAF-BC3F-2182F145BA54}.Release|Any CPU.Build.0 = Release|Any CPU
		{9A7B7868-A9AE-4E14-929E-4AA08E690C4F}.Debug|Any CPU.ActiveCfg = Debug|Any CPU
		{9A7B7868-A9AE-4E14-929E-4AA08E690C4F}.Debug|Any CPU.Build.0 = Debug|Any CPU
		{9A7B7868-A9AE-4E14-929E-4AA08E690C4F}.Release|Any CPU.ActiveCfg = Release|Any CPU
		{9A7B7868-A9AE-4E14-929E-4AA08E690C4F}.Release|Any CPU.Build.0 = Release|Any CPU
		{3F49A2BD-FB28-49B7-9004-2A11B09E6A5F}.Debug|Any CPU.ActiveCfg = Debug|Any CPU
		{3F49A2BD-FB28-49B7-9004-2A11B09E6A5F}.Debug|Any CPU.Build.0 = Debug|Any CPU
		{3F49A2BD-FB28-49B7-9004-2A11B09E6A5F}.Release|Any CPU.ActiveCfg = Release|Any CPU
		{3F49A2BD-FB28-49B7-9004-2A11B09E6A5F}.Release|Any CPU.Build.0 = Release|Any CPU
		{841A92AC-7FB8-4690-A7EA-7D58A46B7B05}.Debug|Any CPU.ActiveCfg = Debug|Any CPU
		{841A92AC-7FB8-4690-A7EA-7D58A46B7B05}.Debug|Any CPU.Build.0 = Debug|Any CPU
		{841A92AC-7FB8-4690-A7EA-7D58A46B7B05}.Release|Any CPU.ActiveCfg = Release|Any CPU
		{841A92AC-7FB8-4690-A7EA-7D58A46B7B05}.Release|Any CPU.Build.0 = Release|Any CPU
		{67B5CB77-399B-4FBE-9886-88ABE46BAA8E}.Debug|Any CPU.ActiveCfg = Debug|Any CPU
		{67B5CB77-399B-4FBE-9886-88ABE46BAA8E}.Debug|Any CPU.Build.0 = Debug|Any CPU
		{67B5CB77-399B-4FBE-9886-88ABE46BAA8E}.Release|Any CPU.ActiveCfg = Release|Any CPU
		{67B5CB77-399B-4FBE-9886-88ABE46BAA8E}.Release|Any CPU.Build.0 = Release|Any CPU
		{94FDB6AD-4085-44F2-9F2D-F33155292766}.Debug|Any CPU.ActiveCfg = Debug|Any CPU
		{94FDB6AD-4085-44F2-9F2D-F33155292766}.Debug|Any CPU.Build.0 = Debug|Any CPU
		{94FDB6AD-4085-44F2-9F2D-F33155292766}.Release|Any CPU.ActiveCfg = Release|Any CPU
		{94FDB6AD-4085-44F2-9F2D-F33155292766}.Release|Any CPU.Build.0 = Release|Any CPU
		{A39593C4-7611-4502-ABB9-5B292C9FEDA5}.Debug|Any CPU.ActiveCfg = Debug|Any CPU
		{A39593C4-7611-4502-ABB9-5B292C9FEDA5}.Debug|Any CPU.Build.0 = Debug|Any CPU
		{A39593C4-7611-4502-ABB9-5B292C9FEDA5}.Release|Any CPU.ActiveCfg = Release|Any CPU
		{A39593C4-7611-4502-ABB9-5B292C9FEDA5}.Release|Any CPU.Build.0 = Release|Any CPU
	EndGlobalSection
EndGlobal
